// !$*UTF8*$!
{
	archiveVersion = 1;
	classes = {
	};
	objectVersion = 50;
	objects = {

/* Begin PBXBuildFile section */
		BD065DA822D6457E00CCD627 /* AppDelegate.swift in Sources */ = {isa = PBXBuildFile; fileRef = BD065DA722D6457E00CCD627 /* AppDelegate.swift */; };
		BD065DAA22D6457E00CCD627 /* ViewController.swift in Sources */ = {isa = PBXBuildFile; fileRef = BD065DA922D6457E00CCD627 /* ViewController.swift */; };
		BD065DAD22D6457E00CCD627 /* Main.storyboard in Resources */ = {isa = PBXBuildFile; fileRef = BD065DAB22D6457E00CCD627 /* Main.storyboard */; };
		BD065DAF22D6457F00CCD627 /* Assets.xcassets in Resources */ = {isa = PBXBuildFile; fileRef = BD065DAE22D6457F00CCD627 /* Assets.xcassets */; };
		BD065DB222D6457F00CCD627 /* LaunchScreen.storyboard in Resources */ = {isa = PBXBuildFile; fileRef = BD065DB022D6457F00CCD627 /* LaunchScreen.storyboard */; };
		BD065DBA22D647B300CCD627 /* CameraViewController.swift in Sources */ = {isa = PBXBuildFile; fileRef = BD065DB922D647B300CCD627 /* CameraViewController.swift */; };
/* End PBXBuildFile section */

/* Begin PBXFileReference section */
		BD065DA422D6457E00CCD627 /* iOS6-VideoRecorder.app */ = {isa = PBXFileReference; explicitFileType = wrapper.application; includeInIndex = 0; path = "iOS6-VideoRecorder.app"; sourceTree = BUILT_PRODUCTS_DIR; };
		BD065DA722D6457E00CCD627 /* AppDelegate.swift */ = {isa = PBXFileReference; lastKnownFileType = sourcecode.swift; path = AppDelegate.swift; sourceTree = "<group>"; };
		BD065DA922D6457E00CCD627 /* ViewController.swift */ = {isa = PBXFileReference; lastKnownFileType = sourcecode.swift; path = ViewController.swift; sourceTree = "<group>"; };
		BD065DAC22D6457E00CCD627 /* Base */ = {isa = PBXFileReference; lastKnownFileType = file.storyboard; name = Base; path = Base.lproj/Main.storyboard; sourceTree = "<group>"; };
		BD065DAE22D6457F00CCD627 /* Assets.xcassets */ = {isa = PBXFileReference; lastKnownFileType = folder.assetcatalog; path = Assets.xcassets; sourceTree = "<group>"; };
		BD065DB122D6457F00CCD627 /* Base */ = {isa = PBXFileReference; lastKnownFileType = file.storyboard; name = Base; path = Base.lproj/LaunchScreen.storyboard; sourceTree = "<group>"; };
		BD065DB322D6457F00CCD627 /* Info.plist */ = {isa = PBXFileReference; lastKnownFileType = text.plist.xml; path = Info.plist; sourceTree = "<group>"; };
		BD065DB922D647B300CCD627 /* CameraViewController.swift */ = {isa = PBXFileReference; lastKnownFileType = sourcecode.swift; path = CameraViewController.swift; sourceTree = "<group>"; };
/* End PBXFileReference section */

/* Begin PBXFrameworksBuildPhase section */
		BD065DA122D6457E00CCD627 /* Frameworks */ = {
			isa = PBXFrameworksBuildPhase;
			buildActionMask = 2147483647;
			files = (
			);
			runOnlyForDeploymentPostprocessing = 0;
		};
/* End PBXFrameworksBuildPhase section */

/* Begin PBXGroup section */
		BD065D9B22D6457E00CCD627 = {
			isa = PBXGroup;
			children = (
				BD065DA622D6457E00CCD627 /* iOS6-VideoRecorder */,
				BD065DA522D6457E00CCD627 /* Products */,
			);
			sourceTree = "<group>";
		};
		BD065DA522D6457E00CCD627 /* Products */ = {
			isa = PBXGroup;
			children = (
				BD065DA422D6457E00CCD627 /* iOS6-VideoRecorder.app */,
			);
			name = Products;
			sourceTree = "<group>";
		};
		BD065DA622D6457E00CCD627 /* iOS6-VideoRecorder */ = {
			isa = PBXGroup;
			children = (
				BD065DA722D6457E00CCD627 /* AppDelegate.swift */,
				BD065DA922D6457E00CCD627 /* ViewController.swift */,
				BD065DB922D647B300CCD627 /* CameraViewController.swift */,
				BD065DAB22D6457E00CCD627 /* Main.storyboard */,
				BD065DAE22D6457F00CCD627 /* Assets.xcassets */,
				BD065DB022D6457F00CCD627 /* LaunchScreen.storyboard */,
				BD065DB322D6457F00CCD627 /* Info.plist */,
			);
			path = "iOS6-VideoRecorder";
			sourceTree = "<group>";
		};
/* End PBXGroup section */

/* Begin PBXNativeTarget section */
		BD065DA322D6457E00CCD627 /* iOS6-VideoRecorder */ = {
			isa = PBXNativeTarget;
			buildConfigurationList = BD065DB622D6457F00CCD627 /* Build configuration list for PBXNativeTarget "iOS6-VideoRecorder" */;
			buildPhases = (
				BD065DA022D6457E00CCD627 /* Sources */,
				BD065DA122D6457E00CCD627 /* Frameworks */,
				BD065DA222D6457E00CCD627 /* Resources */,
			);
			buildRules = (
			);
			dependencies = (
			);
			name = "iOS6-VideoRecorder";
			productName = "iOS6-VideoRecorder";
			productReference = BD065DA422D6457E00CCD627 /* iOS6-VideoRecorder.app */;
			productType = "com.apple.product-type.application";
		};
/* End PBXNativeTarget section */

/* Begin PBXProject section */
		BD065D9C22D6457E00CCD627 /* Project object */ = {
			isa = PBXProject;
			attributes = {
				LastSwiftUpdateCheck = 1020;
				LastUpgradeCheck = 1020;
				ORGANIZATIONNAME = "Lambda, Inc";
				TargetAttributes = {
					BD065DA322D6457E00CCD627 = {
						CreatedOnToolsVersion = 10.2.1;
					};
				};
			};
			buildConfigurationList = BD065D9F22D6457E00CCD627 /* Build configuration list for PBXProject "iOS6-VideoRecorder" */;
			compatibilityVersion = "Xcode 9.3";
			developmentRegion = en;
			hasScannedForEncodings = 0;
			knownRegions = (
				en,
				Base,
			);
			mainGroup = BD065D9B22D6457E00CCD627;
			productRefGroup = BD065DA522D6457E00CCD627 /* Products */;
			projectDirPath = "";
			projectRoot = "";
			targets = (
				BD065DA322D6457E00CCD627 /* iOS6-VideoRecorder */,
			);
		};
/* End PBXProject section */

/* Begin PBXResourcesBuildPhase section */
		BD065DA222D6457E00CCD627 /* Resources */ = {
			isa = PBXResourcesBuildPhase;
			buildActionMask = 2147483647;
			files = (
				BD065DB222D6457F00CCD627 /* LaunchScreen.storyboard in Resources */,
				BD065DAF22D6457F00CCD627 /* Assets.xcassets in Resources */,
				BD065DAD22D6457E00CCD627 /* Main.storyboard in Resources */,
			);
			runOnlyForDeploymentPostprocessing = 0;
		};
/* End PBXResourcesBuildPhase section */

/* Begin PBXSourcesBuildPhase section */
		BD065DA022D6457E00CCD627 /* Sources */ = {
			isa = PBXSourcesBuildPhase;
			buildActionMask = 2147483647;
			files = (
				BD065DAA22D6457E00CCD627 /* ViewController.swift in Sources */,
				BD065DA822D6457E00CCD627 /* AppDelegate.swift in Sources */,
				BD065DBA22D647B300CCD627 /* CameraViewController.swift in Sources */,
			);
			runOnlyForDeploymentPostprocessing = 0;
		};
/* End PBXSourcesBuildPhase section */

/* Begin PBXVariantGroup section */
		BD065DAB22D6457E00CCD627 /* Main.storyboard */ = {
			isa = PBXVariantGroup;
			children = (
				BD065DAC22D6457E00CCD627 /* Base */,
			);
			name = Main.storyboard;
			sourceTree = "<group>";
		};
		BD065DB022D6457F00CCD627 /* LaunchScreen.storyboard */ = {
			isa = PBXVariantGroup;
			children = (
				BD065DB122D6457F00CCD627 /* Base */,
			);
			name = LaunchScreen.storyboard;
			sourceTree = "<group>";
		};
/* End PBXVariantGroup section */

/* Begin XCBuildConfiguration section */
		BD065DB422D6457F00CCD627 /* Debug */ = {
			isa = XCBuildConfiguration;
			buildSettings = {
				ALWAYS_SEARCH_USER_PATHS = NO;
				CLANG_ANALYZER_NONNULL = YES;
				CLANG_ANALYZER_NUMBER_OBJECT_CONVERSION = YES_AGGRESSIVE;
				CLANG_CXX_LANGUAGE_STANDARD = "gnu++14";
				CLANG_CXX_LIBRARY = "libc++";
				CLANG_ENABLE_MODULES = YES;
				CLANG_ENABLE_OBJC_ARC = YES;
				CLANG_ENABLE_OBJC_WEAK = YES;
				CLANG_WARN_BLOCK_CAPTURE_AUTORELEASING = YES;
				CLANG_WARN_BOOL_CONVERSION = YES;
				CLANG_WARN_COMMA = YES;
				CLANG_WARN_CONSTANT_CONVERSION = YES;
				CLANG_WARN_DEPRECATED_OBJC_IMPLEMENTATIONS = YES;
				CLANG_WARN_DIRECT_OBJC_ISA_USAGE = YES_ERROR;
				CLANG_WARN_DOCUMENTATION_COMMENTS = YES;
				CLANG_WARN_EMPTY_BODY = YES;
				CLANG_WARN_ENUM_CONVERSION = YES;
				CLANG_WARN_INFINITE_RECURSION = YES;
				CLANG_WARN_INT_CONVERSION = YES;
				CLANG_WARN_NON_LITERAL_NULL_CONVERSION = YES;
				CLANG_WARN_OBJC_IMPLICIT_RETAIN_SELF = YES;
				CLANG_WARN_OBJC_LITERAL_CONVERSION = YES;
				CLANG_WARN_OBJC_ROOT_CLASS = YES_ERROR;
				CLANG_WARN_RANGE_LOOP_ANALYSIS = YES;
				CLANG_WARN_STRICT_PROTOTYPES = YES;
				CLANG_WARN_SUSPICIOUS_MOVE = YES;
				CLANG_WARN_UNGUARDED_AVAILABILITY = YES_AGGRESSIVE;
				CLANG_WARN_UNREACHABLE_CODE = YES;
				CLANG_WARN__DUPLICATE_METHOD_MATCH = YES;
				CODE_SIGN_IDENTITY = "iPhone Developer";
				COPY_PHASE_STRIP = NO;
				DEBUG_INFORMATION_FORMAT = dwarf;
				ENABLE_STRICT_OBJC_MSGSEND = YES;
				ENABLE_TESTABILITY = YES;
				GCC_C_LANGUAGE_STANDARD = gnu11;
				GCC_DYNAMIC_NO_PIC = NO;
				GCC_NO_COMMON_BLOCKS = YES;
				GCC_OPTIMIZATION_LEVEL = 0;
				GCC_PREPROCESSOR_DEFINITIONS = (
					"DEBUG=1",
					"$(inherited)",
				);
				GCC_WARN_64_TO_32_BIT_CONVERSION = YES;
				GCC_WARN_ABOUT_RETURN_TYPE = YES_ERROR;
				GCC_WARN_UNDECLARED_SELECTOR = YES;
				GCC_WARN_UNINITIALIZED_AUTOS = YES_AGGRESSIVE;
				GCC_WARN_UNUSED_FUNCTION = YES;
				GCC_WARN_UNUSED_VARIABLE = YES;
				IPHONEOS_DEPLOYMENT_TARGET = 12.2;
				MTL_ENABLE_DEBUG_INFO = INCLUDE_SOURCE;
				MTL_FAST_MATH = YES;
				ONLY_ACTIVE_ARCH = YES;
				SDKROOT = iphoneos;
				SWIFT_ACTIVE_COMPILATION_CONDITIONS = DEBUG;
				SWIFT_OPTIMIZATION_LEVEL = "-Onone";
			};
			name = Debug;
		};
		BD065DB522D6457F00CCD627 /* Release */ = {
			isa = XCBuildConfiguration;
			buildSettings = {
				ALWAYS_SEARCH_USER_PATHS = NO;
				CLANG_ANALYZER_NONNULL = YES;
				CLANG_ANALYZER_NUMBER_OBJECT_CONVERSION = YES_AGGRESSIVE;
				CLANG_CXX_LANGUAGE_STANDARD = "gnu++14";
				CLANG_CXX_LIBRARY = "libc++";
				CLANG_ENABLE_MODULES = YES;
				CLANG_ENABLE_OBJC_ARC = YES;
				CLANG_ENABLE_OBJC_WEAK = YES;
				CLANG_WARN_BLOCK_CAPTURE_AUTORELEASING = YES;
				CLANG_WARN_BOOL_CONVERSION = YES;
				CLANG_WARN_COMMA = YES;
				CLANG_WARN_CONSTANT_CONVERSION = YES;
				CLANG_WARN_DEPRECATED_OBJC_IMPLEMENTATIONS = YES;
				CLANG_WARN_DIRECT_OBJC_ISA_USAGE = YES_ERROR;
				CLANG_WARN_DOCUMENTATION_COMMENTS = YES;
				CLANG_WARN_EMPTY_BODY = YES;
				CLANG_WARN_ENUM_CONVERSION = YES;
				CLANG_WARN_INFINITE_RECURSION = YES;
				CLANG_WARN_INT_CONVERSION = YES;
				CLANG_WARN_NON_LITERAL_NULL_CONVERSION = YES;
				CLANG_WARN_OBJC_IMPLICIT_RETAIN_SELF = YES;
				CLANG_WARN_OBJC_LITERAL_CONVERSION = YES;
				CLANG_WARN_OBJC_ROOT_CLASS = YES_ERROR;
				CLANG_WARN_RANGE_LOOP_ANALYSIS = YES;
				CLANG_WARN_STRICT_PROTOTYPES = YES;
				CLANG_WARN_SUSPICIOUS_MOVE = YES;
				CLANG_WARN_UNGUARDED_AVAILABILITY = YES_AGGRESSIVE;
				CLANG_WARN_UNREACHABLE_CODE = YES;
				CLANG_WARN__DUPLICATE_METHOD_MATCH = YES;
				CODE_SIGN_IDENTITY = "iPhone Developer";
				COPY_PHASE_STRIP = NO;
				DEBUG_INFORMATION_FORMAT = "dwarf-with-dsym";
				ENABLE_NS_ASSERTIONS = NO;
				ENABLE_STRICT_OBJC_MSGSEND = YES;
				GCC_C_LANGUAGE_STANDARD = gnu11;
				GCC_NO_COMMON_BLOCKS = YES;
				GCC_WARN_64_TO_32_BIT_CONVERSION = YES;
				GCC_WARN_ABOUT_RETURN_TYPE = YES_ERROR;
				GCC_WARN_UNDECLARED_SELECTOR = YES;
				GCC_WARN_UNINITIALIZED_AUTOS = YES_AGGRESSIVE;
				GCC_WARN_UNUSED_FUNCTION = YES;
				GCC_WARN_UNUSED_VARIABLE = YES;
				IPHONEOS_DEPLOYMENT_TARGET = 12.2;
				MTL_ENABLE_DEBUG_INFO = NO;
				MTL_FAST_MATH = YES;
				SDKROOT = iphoneos;
				SWIFT_COMPILATION_MODE = wholemodule;
				SWIFT_OPTIMIZATION_LEVEL = "-O";
				VALIDATE_PRODUCT = YES;
			};
			name = Release;
		};
		BD065DB722D6457F00CCD627 /* Debug */ = {
			isa = XCBuildConfiguration;
			buildSettings = {
				ASSETCATALOG_COMPILER_APPICON_NAME = AppIcon;
				CODE_SIGN_STYLE = Automatic;
				DEVELOPMENT_TEAM = VXUQXR6S56;
				INFOPLIST_FILE = "iOS6-VideoRecorder/Info.plist";
				LD_RUNPATH_SEARCH_PATHS = (
					"$(inherited)",
					"@executable_path/Frameworks",
				);
				PRODUCT_BUNDLE_IDENTIFIER = "com.lambdaschool.iOS6-VideoRecorder";
				PRODUCT_NAME = "$(TARGET_NAME)";
				SWIFT_VERSION = 5.0;
				TARGETED_DEVICE_FAMILY = "1,2";
			};
			name = Debug;
		};
		BD065DB822D6457F00CCD627 /* Release */ = {
			isa = XCBuildConfiguration;
			buildSettings = {
				ASSETCATALOG_COMPILER_APPICON_NAME = AppIcon;
				CODE_SIGN_STYLE = Automatic;
				DEVELOPMENT_TEAM = VXUQXR6S56;
				INFOPLIST_FILE = "iOS6-VideoRecorder/Info.plist";
				LD_RUNPATH_SEARCH_PATHS = (
					"$(inherited)",
					"@executable_path/Frameworks",
				);
				PRODUCT_BUNDLE_IDENTIFIER = "com.lambdaschool.iOS6-VideoRecorder";
				PRODUCT_NAME = "$(TARGET_NAME)";
				SWIFT_VERSION = 5.0;
				TARGETED_DEVICE_FAMILY = "1,2";
			};
			name = Release;
		};
/* End XCBuildConfiguration section */

/* Begin XCConfigurationList section */
		BD065D9F22D6457E00CCD627 /* Build configuration list for PBXProject "iOS6-VideoRecorder" */ = {
			isa = XCConfigurationList;
			buildConfigurations = (
				BD065DB422D6457F00CCD627 /* Debug */,
				BD065DB522D6457F00CCD627 /* Release */,
			);
			defaultConfigurationIsVisible = 0;
			defaultConfigurationName = Release;
		};
		BD065DB622D6457F00CCD627 /* Build configuration list for PBXNativeTarget "iOS6-VideoRecorder" */ = {
			isa = XCConfigurationList;
			buildConfigurations = (
				BD065DB722D6457F00CCD627 /* Debug */,
				BD065DB822D6457F00CCD627 /* Release */,
			);
			defaultConfigurationIsVisible = 0;
			defaultConfigurationName = Release;
		};
/* End XCConfigurationList section */
	};
	rootObject = BD065D9C22D6457E00CCD627 /* Project object */;
}
